// !$*UTF8*$!
{
	archiveVersion = 1;
	classes = {
	};
	objectVersion = 46;
	objects = {

/* Begin PBXBuildFile section */
		633668A31F5E742E00150278 /* EmojiModel.swift in Sources */ = {isa = PBXBuildFile; fileRef = 633668A21F5E742E00150278 /* EmojiModel.swift */; };
		63CFE7D01F5E51B300543DBB /* README.md in Sources */ = {isa = PBXBuildFile; fileRef = 63CFE7CF1F5E51B300543DBB /* README.md */; };
		63CFE7D21F5E51C800543DBB /* Cartfile in Resources */ = {isa = PBXBuildFile; fileRef = 63CFE7D11F5E51C800543DBB /* Cartfile */; };
		63CFE7D51F5E55F600543DBB /* Alamofire.framework in Frameworks */ = {isa = PBXBuildFile; fileRef = 63CFE7D31F5E55F600543DBB /* Alamofire.framework */; };
		63CFE7D61F5E55F600543DBB /* PromiseKit.framework in Frameworks */ = {isa = PBXBuildFile; fileRef = 63CFE7D41F5E55F600543DBB /* PromiseKit.framework */; };
		63D91E921F5D202D001ACA37 /* AppDelegate.swift in Sources */ = {isa = PBXBuildFile; fileRef = 63D91E911F5D202D001ACA37 /* AppDelegate.swift */; };
		63D91E941F5D202D001ACA37 /* ViewController.swift in Sources */ = {isa = PBXBuildFile; fileRef = 63D91E931F5D202D001ACA37 /* ViewController.swift */; };
		63D91E971F5D202D001ACA37 /* Main.storyboard in Resources */ = {isa = PBXBuildFile; fileRef = 63D91E951F5D202D001ACA37 /* Main.storyboard */; };
		63D91E991F5D202D001ACA37 /* Assets.xcassets in Resources */ = {isa = PBXBuildFile; fileRef = 63D91E981F5D202D001ACA37 /* Assets.xcassets */; };
		63D91E9C1F5D202D001ACA37 /* LaunchScreen.storyboard in Resources */ = {isa = PBXBuildFile; fileRef = 63D91E9A1F5D202D001ACA37 /* LaunchScreen.storyboard */; };
		63D91EA41F5D20BE001ACA37 /* HNACollectionViewCell.swift in Sources */ = {isa = PBXBuildFile; fileRef = 63D91EA31F5D20BE001ACA37 /* HNACollectionViewCell.swift */; };
		63D91EA71F5D24E4001ACA37 /* SDWebImage.framework in Frameworks */ = {isa = PBXBuildFile; fileRef = 63D91EA61F5D24E4001ACA37 /* SDWebImage.framework */; };
		63D91EAA1F5D2E09001ACA37 /* CHTCollectionViewWaterfallLayout.framework in Frameworks */ = {isa = PBXBuildFile; fileRef = 63D91EA91F5D2E09001ACA37 /* CHTCollectionViewWaterfallLayout.framework */; };
		63D91EAC1F5D2E5F001ACA37 /* HNAWaterfallLayout.swift in Sources */ = {isa = PBXBuildFile; fileRef = 63D91EAB1F5D2E5F001ACA37 /* HNAWaterfallLayout.swift */; };
/* End PBXBuildFile section */

/* Begin PBXFileReference section */
		633668A21F5E742E00150278 /* EmojiModel.swift */ = {isa = PBXFileReference; lastKnownFileType = sourcecode.swift; path = EmojiModel.swift; sourceTree = "<group>"; };
		63CFE7CF1F5E51B300543DBB /* README.md */ = {isa = PBXFileReference; fileEncoding = 4; lastKnownFileType = net.daringfireball.markdown; path = README.md; sourceTree = "<group>"; };
		63CFE7D11F5E51C800543DBB /* Cartfile */ = {isa = PBXFileReference; fileEncoding = 4; lastKnownFileType = text; path = Cartfile; sourceTree = "<group>"; };
		63CFE7D31F5E55F600543DBB /* Alamofire.framework */ = {isa = PBXFileReference; lastKnownFileType = wrapper.framework; name = Alamofire.framework; path = Carthage/Build/iOS/Alamofire.framework; sourceTree = "<group>"; };
		63CFE7D41F5E55F600543DBB /* PromiseKit.framework */ = {isa = PBXFileReference; lastKnownFileType = wrapper.framework; name = PromiseKit.framework; path = Carthage/Build/iOS/PromiseKit.framework; sourceTree = "<group>"; };
		63D91E8E1F5D202D001ACA37 /* HNAGithubEmojis.app */ = {isa = PBXFileReference; explicitFileType = wrapper.application; includeInIndex = 0; path = HNAGithubEmojis.app; sourceTree = BUILT_PRODUCTS_DIR; };
		63D91E911F5D202D001ACA37 /* AppDelegate.swift */ = {isa = PBXFileReference; lastKnownFileType = sourcecode.swift; path = AppDelegate.swift; sourceTree = "<group>"; };
		63D91E931F5D202D001ACA37 /* ViewController.swift */ = {isa = PBXFileReference; lastKnownFileType = sourcecode.swift; path = ViewController.swift; sourceTree = "<group>"; };
		63D91E961F5D202D001ACA37 /* Base */ = {isa = PBXFileReference; lastKnownFileType = file.storyboard; name = Base; path = Base.lproj/Main.storyboard; sourceTree = "<group>"; };
		63D91E981F5D202D001ACA37 /* Assets.xcassets */ = {isa = PBXFileReference; lastKnownFileType = folder.assetcatalog; path = Assets.xcassets; sourceTree = "<group>"; };
		63D91E9B1F5D202D001ACA37 /* Base */ = {isa = PBXFileReference; lastKnownFileType = file.storyboard; name = Base; path = Base.lproj/LaunchScreen.storyboard; sourceTree = "<group>"; };
		63D91E9D1F5D202D001ACA37 /* Info.plist */ = {isa = PBXFileReference; lastKnownFileType = text.plist.xml; path = Info.plist; sourceTree = "<group>"; };
		63D91EA31F5D20BE001ACA37 /* HNACollectionViewCell.swift */ = {isa = PBXFileReference; fileEncoding = 4; lastKnownFileType = sourcecode.swift; path = HNACollectionViewCell.swift; sourceTree = "<group>"; };
		63D91EA61F5D24E4001ACA37 /* SDWebImage.framework */ = {isa = PBXFileReference; lastKnownFileType = wrapper.framework; name = SDWebImage.framework; path = Carthage/Build/iOS/SDWebImage.framework; sourceTree = "<group>"; };
		63D91EA91F5D2E09001ACA37 /* CHTCollectionViewWaterfallLayout.framework */ = {isa = PBXFileReference; lastKnownFileType = wrapper.framework; name = CHTCollectionViewWaterfallLayout.framework; path = Carthage/Build/iOS/CHTCollectionViewWaterfallLayout.framework; sourceTree = "<group>"; };
		63D91EAB1F5D2E5F001ACA37 /* HNAWaterfallLayout.swift */ = {isa = PBXFileReference; fileEncoding = 4; lastKnownFileType = sourcecode.swift; path = HNAWaterfallLayout.swift; sourceTree = "<group>"; };
/* End PBXFileReference section */

/* Begin PBXFrameworksBuildPhase section */
		63D91E8B1F5D202D001ACA37 /* Frameworks */ = {
			isa = PBXFrameworksBuildPhase;
			buildActionMask = 2147483647;
			files = (
				63CFE7D51F5E55F600543DBB /* Alamofire.framework in Frameworks */,
				63CFE7D61F5E55F600543DBB /* PromiseKit.framework in Frameworks */,
				63D91EAA1F5D2E09001ACA37 /* CHTCollectionViewWaterfallLayout.framework in Frameworks */,
				63D91EA71F5D24E4001ACA37 /* SDWebImage.framework in Frameworks */,
			);
			runOnlyForDeploymentPostprocessing = 0;
		};
/* End PBXFrameworksBuildPhase section */

/* Begin PBXGroup section */
		63D91E851F5D202D001ACA37 = {
			isa = PBXGroup;
			children = (
				63CFE7D11F5E51C800543DBB /* Cartfile */,
				63CFE7CF1F5E51B300543DBB /* README.md */,
				63D91E901F5D202D001ACA37 /* HNAGithubEmojis */,
				63D91E8F1F5D202D001ACA37 /* Products */,
				63D91EA51F5D24E3001ACA37 /* Frameworks */,
			);
			sourceTree = "<group>";
		};
		63D91E8F1F5D202D001ACA37 /* Products */ = {
			isa = PBXGroup;
			children = (
				63D91E8E1F5D202D001ACA37 /* HNAGithubEmojis.app */,
			);
			name = Products;
			sourceTree = "<group>";
		};
		63D91E901F5D202D001ACA37 /* HNAGithubEmojis */ = {
			isa = PBXGroup;
			children = (
				63D91E911F5D202D001ACA37 /* AppDelegate.swift */,
				63D91E931F5D202D001ACA37 /* ViewController.swift */,
				63D91E951F5D202D001ACA37 /* Main.storyboard */,
				63D91E981F5D202D001ACA37 /* Assets.xcassets */,
				63D91E9A1F5D202D001ACA37 /* LaunchScreen.storyboard */,
				63D91E9D1F5D202D001ACA37 /* Info.plist */,
				63D91EA31F5D20BE001ACA37 /* HNACollectionViewCell.swift */,
				63D91EAB1F5D2E5F001ACA37 /* HNAWaterfallLayout.swift */,
				633668A21F5E742E00150278 /* EmojiModel.swift */,
			);
			path = HNAGithubEmojis;
			sourceTree = "<group>";
		};
		63D91EA51F5D24E3001ACA37 /* Frameworks */ = {
			isa = PBXGroup;
			children = (
				63CFE7D31F5E55F600543DBB /* Alamofire.framework */,
				63CFE7D41F5E55F600543DBB /* PromiseKit.framework */,
				63D91EA91F5D2E09001ACA37 /* CHTCollectionViewWaterfallLayout.framework */,
				63D91EA61F5D24E4001ACA37 /* SDWebImage.framework */,
			);
			name = Frameworks;
			sourceTree = "<group>";
		};
/* End PBXGroup section */

/* Begin PBXNativeTarget section */
		63D91E8D1F5D202D001ACA37 /* HNAGithubEmojis */ = {
			isa = PBXNativeTarget;
			buildConfigurationList = 63D91EA01F5D202D001ACA37 /* Build configuration list for PBXNativeTarget "HNAGithubEmojis" */;
			buildPhases = (
				63D91E8A1F5D202D001ACA37 /* Sources */,
				63D91E8B1F5D202D001ACA37 /* Frameworks */,
				63D91E8C1F5D202D001ACA37 /* Resources */,
				63D91EA81F5D24E9001ACA37 /* ShellScript */,
			);
			buildRules = (
			);
			dependencies = (
			);
			name = HNAGithubEmojis;
			productName = HNAGithubEmojis;
			productReference = 63D91E8E1F5D202D001ACA37 /* HNAGithubEmojis.app */;
			productType = "com.apple.product-type.application";
		};
/* End PBXNativeTarget section */

/* Begin PBXProject section */
		63D91E861F5D202D001ACA37 /* Project object */ = {
			isa = PBXProject;
			attributes = {
				LastSwiftUpdateCheck = 0830;
				LastUpgradeCheck = 0830;
				ORGANIZATIONNAME = "__无邪_";
				TargetAttributes = {
					63D91E8D1F5D202D001ACA37 = {
						CreatedOnToolsVersion = 8.3.3;
						DevelopmentTeam = ALC8X8425P;
						ProvisioningStyle = Automatic;
					};
				};
			};
			buildConfigurationList = 63D91E891F5D202D001ACA37 /* Build configuration list for PBXProject "HNAGithubEmojis" */;
			compatibilityVersion = "Xcode 3.2";
			developmentRegion = English;
			hasScannedForEncodings = 0;
			knownRegions = (
				en,
				Base,
			);
			mainGroup = 63D91E851F5D202D001ACA37;
			productRefGroup = 63D91E8F1F5D202D001ACA37 /* Products */;
			projectDirPath = "";
			projectRoot = "";
			targets = (
				63D91E8D1F5D202D001ACA37 /* HNAGithubEmojis */,
			);
		};
/* End PBXProject section */

/* Begin PBXResourcesBuildPhase section */
		63D91E8C1F5D202D001ACA37 /* Resources */ = {
			isa = PBXResourcesBuildPhase;
			buildActionMask = 2147483647;
			files = (
				63D91E9C1F5D202D001ACA37 /* LaunchScreen.storyboard in Resources */,
				63D91E991F5D202D001ACA37 /* Assets.xcassets in Resources */,
				63CFE7D21F5E51C800543DBB /* Cartfile in Resources */,
				63D91E971F5D202D001ACA37 /* Main.storyboard in Resources */,
			);
			runOnlyForDeploymentPostprocessing = 0;
		};
/* End PBXResourcesBuildPhase section */

/* Begin PBXShellScriptBuildPhase section */
		63D91EA81F5D24E9001ACA37 /* ShellScript */ = {
			isa = PBXShellScriptBuildPhase;
			buildActionMask = 2147483647;
			files = (
			);
			inputPaths = (
				"$(SRCROOT)/Carthage/Build/iOS/SDWebImage.framework",
				"$(SRCROOT)/Carthage/Build/iOS/CHTCollectionViewWaterfallLayout.framework",
				"$(SRCROOT)/Carthage/Build/iOS/Alamofire.framework",
				"$(SRCROOT)/Carthage/Build/iOS/PromiseKit.framework",
			);
			outputPaths = (
				"$(DERIVED_FILE_DIR)/$(FRAMEWORKS_FOLDER_PATH)/SDWebImage.framework",
				"$(DERIVED_FILE_DIR)/$(FRAMEWORKS_FOLDER_PATH)/CHTCollectionViewWaterfallLayout.framework",
				"$(DERIVED_FILE_DIR)/$(FRAMEWORKS_FOLDER_PATH)/Alamofire.framework",
				"$(DERIVED_FILE_DIR)/$(FRAMEWORKS_FOLDER_PATH)/PromiseKit.framework",
			);
			runOnlyForDeploymentPostprocessing = 0;
			shellPath = /bin/sh;
			shellScript = "/usr/local/bin/carthage copy-frameworks";
		};
/* End PBXShellScriptBuildPhase section */

/* Begin PBXSourcesBuildPhase section */
		63D91E8A1F5D202D001ACA37 /* Sources */ = {
			isa = PBXSourcesBuildPhase;
			buildActionMask = 2147483647;
			files = (
				63D91EA41F5D20BE001ACA37 /* HNACollectionViewCell.swift in Sources */,
				63D91E941F5D202D001ACA37 /* ViewController.swift in Sources */,
				633668A31F5E742E00150278 /* EmojiModel.swift in Sources */,
				63CFE7D01F5E51B300543DBB /* README.md in Sources */,
				63D91EAC1F5D2E5F001ACA37 /* HNAWaterfallLayout.swift in Sources */,
				63D91E921F5D202D001ACA37 /* AppDelegate.swift in Sources */,
			);
			runOnlyForDeploymentPostprocessing = 0;
		};
/* End PBXSourcesBuildPhase section */

/* Begin PBXVariantGroup section */
		63D91E951F5D202D001ACA37 /* Main.storyboard */ = {
			isa = PBXVariantGroup;
			children = (
				63D91E961F5D202D001ACA37 /* Base */,
			);
			name = Main.storyboard;
			sourceTree = "<group>";
		};
		63D91E9A1F5D202D001ACA37 /* LaunchScreen.storyboard */ = {
			isa = PBXVariantGroup;
			children = (
				63D91E9B1F5D202D001ACA37 /* Base */,
			);
			name = LaunchScreen.storyboard;
			sourceTree = "<group>";
		};
/* End PBXVariantGroup section */

/* Begin XCBuildConfiguration section */
		63D91E9E1F5D202D001ACA37 /* Debug */ = {
			isa = XCBuildConfiguration;
			buildSettings = {
				ALWAYS_SEARCH_USER_PATHS = NO;
				CLANG_ANALYZER_NONNULL = YES;
				CLANG_ANALYZER_NUMBER_OBJECT_CONVERSION = YES_AGGRESSIVE;
				CLANG_CXX_LANGUAGE_STANDARD = "gnu++0x";
				CLANG_CXX_LIBRARY = "libc++";
				CLANG_ENABLE_MODULES = YES;
				CLANG_ENABLE_OBJC_ARC = YES;
				CLANG_WARN_BOOL_CONVERSION = YES;
				CLANG_WARN_CONSTANT_CONVERSION = YES;
				CLANG_WARN_DIRECT_OBJC_ISA_USAGE = YES_ERROR;
				CLANG_WARN_DOCUMENTATION_COMMENTS = YES;
				CLANG_WARN_EMPTY_BODY = YES;
				CLANG_WARN_ENUM_CONVERSION = YES;
				CLANG_WARN_INFINITE_RECURSION = YES;
				CLANG_WARN_INT_CONVERSION = YES;
				CLANG_WARN_OBJC_ROOT_CLASS = YES_ERROR;
				CLANG_WARN_SUSPICIOUS_MOVE = YES;
				CLANG_WARN_UNREACHABLE_CODE = YES;
				CLANG_WARN__DUPLICATE_METHOD_MATCH = YES;
				"CODE_SIGN_IDENTITY[sdk=iphoneos*]" = "iPhone Developer";
				COPY_PHASE_STRIP = NO;
				DEBUG_INFORMATION_FORMAT = dwarf;
				ENABLE_STRICT_OBJC_MSGSEND = YES;
				ENABLE_TESTABILITY = YES;
				GCC_C_LANGUAGE_STANDARD = gnu99;
				GCC_DYNAMIC_NO_PIC = NO;
				GCC_NO_COMMON_BLOCKS = YES;
				GCC_OPTIMIZATION_LEVEL = 0;
				GCC_PREPROCESSOR_DEFINITIONS = (
					"DEBUG=1",
					"$(inherited)",
				);
				GCC_WARN_64_TO_32_BIT_CONVERSION = YES;
				GCC_WARN_ABOUT_RETURN_TYPE = YES_ERROR;
				GCC_WARN_UNDECLARED_SELECTOR = YES;
				GCC_WARN_UNINITIALIZED_AUTOS = YES_AGGRESSIVE;
				GCC_WARN_UNUSED_FUNCTION = YES;
				GCC_WARN_UNUSED_VARIABLE = YES;
				IPHONEOS_DEPLOYMENT_TARGET = 10.3;
				MTL_ENABLE_DEBUG_INFO = YES;
				ONLY_ACTIVE_ARCH = YES;
				SDKROOT = iphoneos;
				SWIFT_ACTIVE_COMPILATION_CONDITIONS = DEBUG;
				SWIFT_OPTIMIZATION_LEVEL = "-Onone";
				TARGETED_DEVICE_FAMILY = "1,2";
			};
			name = Debug;
		};
		63D91E9F1F5D202D001ACA37 /* Release */ = {
			isa = XCBuildConfiguration;
			buildSettings = {
				ALWAYS_SEARCH_USER_PATHS = NO;
				CLANG_ANALYZER_NONNULL = YES;
				CLANG_ANALYZER_NUMBER_OBJECT_CONVERSION = YES_AGGRESSIVE;
				CLANG_CXX_LANGUAGE_STANDARD = "gnu++0x";
				CLANG_CXX_LIBRARY = "libc++";
				CLANG_ENABLE_MODULES = YES;
				CLANG_ENABLE_OBJC_ARC = YES;
				CLANG_WARN_BOOL_CONVERSION = YES;
				CLANG_WARN_CONSTANT_CONVERSION = YES;
				CLANG_WARN_DIRECT_OBJC_ISA_USAGE = YES_ERROR;
				CLANG_WARN_DOCUMENTATION_COMMENTS = YES;
				CLANG_WARN_EMPTY_BODY = YES;
				CLANG_WARN_ENUM_CONVERSION = YES;
				CLANG_WARN_INFINITE_RECURSION = YES;
				CLANG_WARN_INT_CONVERSION = YES;
				CLANG_WARN_OBJC_ROOT_CLASS = YES_ERROR;
				CLANG_WARN_SUSPICIOUS_MOVE = YES;
				CLANG_WARN_UNREACHABLE_CODE = YES;
				CLANG_WARN__DUPLICATE_METHOD_MATCH = YES;
				"CODE_SIGN_IDENTITY[sdk=iphoneos*]" = "iPhone Developer";
				COPY_PHASE_STRIP = NO;
				DEBUG_INFORMATION_FORMAT = "dwarf-with-dsym";
				ENABLE_NS_ASSERTIONS = NO;
				ENABLE_STRICT_OBJC_MSGSEND = YES;
				GCC_C_LANGUAGE_STANDARD = gnu99;
				GCC_NO_COMMON_BLOCKS = YES;
				GCC_WARN_64_TO_32_BIT_CONVERSION = YES;
				GCC_WARN_ABOUT_RETURN_TYPE = YES_ERROR;
				GCC_WARN_UNDECLARED_SELECTOR = YES;
				GCC_WARN_UNINITIALIZED_AUTOS = YES_AGGRESSIVE;
				GCC_WARN_UNUSED_FUNCTION = YES;
				GCC_WARN_UNUSED_VARIABLE = YES;
				IPHONEOS_DEPLOYMENT_TARGET = 10.3;
				MTL_ENABLE_DEBUG_INFO = NO;
				SDKROOT = iphoneos;
				SWIFT_OPTIMIZATION_LEVEL = "-Owholemodule";
				TARGETED_DEVICE_FAMILY = "1,2";
				VALIDATE_PRODUCT = YES;
			};
			name = Release;
		};
		63D91EA11F5D202D001ACA37 /* Debug */ = {
			isa = XCBuildConfiguration;
			buildSettings = {
				ASSETCATALOG_COMPILER_APPICON_NAME = AppIcon;
				DEVELOPMENT_TEAM = ALC8X8425P;
				FRAMEWORK_SEARCH_PATHS = (
					"$(inherited)",
					"$(PROJECT_DIR)/Carthage/Build/iOS",
				);
				INFOPLIST_FILE = HNAGithubEmojis/Info.plist;
				LD_RUNPATH_SEARCH_PATHS = "$(inherited) @executable_path/Frameworks";
				PRODUCT_BUNDLE_IDENTIFIER = com.fqah.HNAGithubEmojis;
				PRODUCT_NAME = "$(TARGET_NAME)";
				SWIFT_VERSION = 3.0;
			};
			name = Debug;
		};
		63D91EA21F5D202D001ACA37 /* Release */ = {
			isa = XCBuildConfiguration;
			buildSettings = {
				ASSETCATALOG_COMPILER_APPICON_NAME = AppIcon;
				DEVELOPMENT_TEAM = ALC8X8425P;
				FRAMEWORK_SEARCH_PATHS = (
					"$(inherited)",
					"$(PROJECT_DIR)/Carthage/Build/iOS",
				);
				INFOPLIST_FILE = HNAGithubEmojis/Info.plist;
				LD_RUNPATH_SEARCH_PATHS = "$(inherited) @executable_path/Frameworks";
				PRODUCT_BUNDLE_IDENTIFIER = com.fqah.HNAGithubEmojis;
				PRODUCT_NAME = "$(TARGET_NAME)";
				SWIFT_VERSION = 3.0;
			};
			name = Release;
		};
/* End XCBuildConfiguration section */

/* Begin XCConfigurationList section */
		63D91E891F5D202D001ACA37 /* Build configuration list for PBXProject "HNAGithubEmojis" */ = {
			isa = XCConfigurationList;
			buildConfigurations = (
				63D91E9E1F5D202D001ACA37 /* Debug */,
				63D91E9F1F5D202D001ACA37 /* Release */,
			);
			defaultConfigurationIsVisible = 0;
			defaultConfigurationName = Release;
		};
		63D91EA01F5D202D001ACA37 /* Build configuration list for PBXNativeTarget "HNAGithubEmojis" */ = {
			isa = XCConfigurationList;
			buildConfigurations = (
				63D91EA11F5D202D001ACA37 /* Debug */,
				63D91EA21F5D202D001ACA37 /* Release */,
			);
			defaultConfigurationIsVisible = 0;
			defaultConfigurationName = Release;
		};
/* End XCConfigurationList section */
	};
	rootObject = 63D91E861F5D202D001ACA37 /* Project object */;
}
